{
  "name": "easydrag",
  "version": "1.0.0",
  "lockfileVersion": 3,
  "requires": true,
  "packages": {
    "": {
      "name": "easydrag",
      "version": "1.0.0",
      "license": "MIT",
      "dependencies": {
        "easydrag": "file:"
      }
    },
    "node_modules/easydrag": {
      "resolved": "",
      "link": true
    }
  }
}
